
Microsoft Visual Studio Solution File, Format Version 12.00
# Visual Studio 15
VisualStudioVersion = 15.0.28307.1972
MinimumVisualStudioVersion = 10.0.40219.1
Project("{FAE04EC0-301F-11D3-BF4B-00C04F79EFBC}") = "CheckDistribuicoes", "CheckDistribuicoes\CheckDistribuicoes.csproj", "{1B2E65D0-84D7-4A62-8737-BF90AAA76584}"
EndProject
Global
	GlobalSection(SolutionConfigurationPlatforms) = preSolution
		Debug|Any CPU = Debug|Any CPU
		Release|Any CPU = Release|Any CPU
	EndGlobalSection
	GlobalSection(ProjectConfigurationPlatforms) = postSolution
		{1B2E65D0-84D7-4A62-8737-BF90AAA76584}.Debug|Any CPU.ActiveCfg = Debug|Any CPU
		{1B2E65D0-84D7-4A62-8737-BF90AAA76584}.Debug|Any CPU.Build.0 = Debug|Any CPU
		{1B2E65D0-84D7-4A62-8737-BF90AAA76584}.Release|Any CPU.ActiveCfg = Release|Any CPU
		{1B2E65D0-84D7-4A62-8737-BF90AAA76584}.Release|Any CPU.Build.0 = Release|Any CPU
	EndGlobalSection
	GlobalSection(SolutionProperties) = preSolution
		HideSolutionNode = FALSE
	EndGlobalSection
	GlobalSection(ExtensibilityGlobals) = postSolution
		SolutionGuid = {41D9AF98-516D-4A27-B9B8-2A9AFD43C72B}
	EndGlobalSection
EndGlobal
